{
  "name": "imooc-test-samtl",
  "version": "1.0.0",
  "lockfileVersion": 3,
  "requires": true,
  "packages": {
    "": {
      "name": "imooc-test-samtl",
      "version": "1.0.0",
      "license": "ISC",
      "bin": {
        "imooc-test-samtl": "bin/index.js"
      }
    },
    "../imooc-test-lib-samtl": {
      "version": "1.0.0",
      "extraneous": true,
      "license": "ISC"
    }
  }
}
